
Microsoft Visual Studio Solution File, Format Version 12.00
# Visual Studio Version 16
VisualStudioVersion = 16.0.31105.61
MinimumVisualStudioVersion = 10.0.40219.1
Project("{FAE04EC0-301F-11D3-BF4B-00C04F79EFBC}") = "NgwTask.Host", "NgwTask.Host\NgwTask.Host.csproj", "{922C3361-3BBF-449A-8D9E-3EFB435D708D}"
EndProject
Project("{FAE04EC0-301F-11D3-BF4B-00C04F79EFBC}") = "NgwTask.Client", "NgwTask.Client\NgwTask.Client.csproj", "{D9300826-4AC3-4989-A1C4-F483045E0803}"
EndProject
Global
	GlobalSection(SolutionConfigurationPlatforms) = preSolution
		Debug|Any CPU = Debug|Any CPU
		Release|Any CPU = Release|Any CPU
	EndGlobalSection
	GlobalSection(ProjectConfigurationPlatforms) = postSolution
		{922C3361-3BBF-449A-8D9E-3EFB435D708D}.Debug|Any CPU.ActiveCfg = Debug|Any CPU
		{922C3361-3BBF-449A-8D9E-3EFB435D708D}.Debug|Any CPU.Build.0 = Debug|Any CPU
		{922C3361-3BBF-449A-8D9E-3EFB435D708D}.Release|Any CPU.ActiveCfg = Release|Any CPU
		{922C3361-3BBF-449A-8D9E-3EFB435D708D}.Release|Any CPU.Build.0 = Release|Any CPU
		{D9300826-4AC3-4989-A1C4-F483045E0803}.Debug|Any CPU.ActiveCfg = Debug|Any CPU
		{D9300826-4AC3-4989-A1C4-F483045E0803}.Debug|Any CPU.Build.0 = Debug|Any CPU
		{D9300826-4AC3-4989-A1C4-F483045E0803}.Release|Any CPU.ActiveCfg = Release|Any CPU
		{D9300826-4AC3-4989-A1C4-F483045E0803}.Release|Any CPU.Build.0 = Release|Any CPU
	EndGlobalSection
	GlobalSection(SolutionProperties) = preSolution
		HideSolutionNode = FALSE
	EndGlobalSection
	GlobalSection(ExtensibilityGlobals) = postSolution
		SolutionGuid = {8226126C-36D8-4228-A0AA-31484F0F4B46}
	EndGlobalSection
EndGlobal
